
Microsoft Visual Studio Solution File, Format Version 12.00
# Visual Studio Version 17
VisualStudioVersion = 17.6.33815.320
MinimumVisualStudioVersion = 10.0.40219.1
Project("{FAE04EC0-301F-11D3-BF4B-00C04F79EFBC}") = "MatrixExtensions.Tests", "MatrixExtensions.Tests\MatrixExtensions.Tests.csproj", "{2508D3DE-A612-4F01-9ED5-6DCA40A32B2F}"
EndProject
Project("{FAE04EC0-301F-11D3-BF4B-00C04F79EFBC}") = "MatrixExtensions.Android", "MatrixExtensions.Android\MatrixExtensions.Android.csproj", "{BEE6B956-AFC2-4F5E-96FD-B6F559BDF468}"
EndProject
Project("{FAE04EC0-301F-11D3-BF4B-00C04F79EFBC}") = "MatrixExtensions.iOS", "MatrixExtensions.iOS\MatrixExtensions.iOS.csproj", "{B72DF745-CCB2-459E-BFBA-30626BD9BD3D}"
EndProject
Project("{2150E333-8FDC-42A3-9474-1A3956D46DE8}") = "Solution Items", "Solution Items", "{523306FE-C276-4188-BAB2-ED5B7678699A}"
	ProjectSection(SolutionItems) = preProject
		buildNugetPackages.ps1 = buildNugetPackages.ps1
		MatrixExtensions.nuspec = MatrixExtensions.nuspec
	EndProjectSection
EndProject
Project("{D954291E-2A0B-460D-934E-DC6B0785DB48}") = "MatrixExtensions.SharedProject", "MatrixExtensions.SharedProject\MatrixExtensions.SharedProject.shproj", "{E8CE81AA-1AF1-4780-8DC1-7E78B7E7A5C1}"
EndProject
Project("{FAE04EC0-301F-11D3-BF4B-00C04F79EFBC}") = "MatrixExtensions.WindowsDX", "MatrixExtensions.WindowsDX\MatrixExtensions.WindowsDX.csproj", "{B499E0F8-0DDE-4EB9-84FD-2EF9C27794D7}"
EndProject
Global
	GlobalSection(SolutionConfigurationPlatforms) = preSolution
		AppStore|Any CPU = AppStore|Any CPU
		AppStore|ARM = AppStore|ARM
		AppStore|x64 = AppStore|x64
		AppStore|x86 = AppStore|x86
		Debug|Any CPU = Debug|Any CPU
		Debug|ARM = Debug|ARM
		Debug|x64 = Debug|x64
		Debug|x86 = Debug|x86
		Release|Any CPU = Release|Any CPU
		Release|ARM = Release|ARM
		Release|x64 = Release|x64
		Release|x86 = Release|x86
	EndGlobalSection
	GlobalSection(ProjectConfigurationPlatforms) = postSolution
		{2508D3DE-A612-4F01-9ED5-6DCA40A32B2F}.AppStore|Any CPU.ActiveCfg = Release|Any CPU
		{2508D3DE-A612-4F01-9ED5-6DCA40A32B2F}.AppStore|Any CPU.Build.0 = Release|Any CPU
		{2508D3DE-A612-4F01-9ED5-6DCA40A32B2F}.AppStore|ARM.ActiveCfg = Debug|Any CPU
		{2508D3DE-A612-4F01-9ED5-6DCA40A32B2F}.AppStore|ARM.Build.0 = Debug|Any CPU
		{2508D3DE-A612-4F01-9ED5-6DCA40A32B2F}.AppStore|x64.ActiveCfg = Debug|Any CPU
		{2508D3DE-A612-4F01-9ED5-6DCA40A32B2F}.AppStore|x64.Build.0 = Debug|Any CPU
		{2508D3DE-A612-4F01-9ED5-6DCA40A32B2F}.AppStore|x86.ActiveCfg = Debug|Any CPU
		{2508D3DE-A612-4F01-9ED5-6DCA40A32B2F}.AppStore|x86.Build.0 = Debug|Any CPU
		{2508D3DE-A612-4F01-9ED5-6DCA40A32B2F}.Debug|Any CPU.ActiveCfg = Debug|Any CPU
		{2508D3DE-A612-4F01-9ED5-6DCA40A32B2F}.Debug|Any CPU.Build.0 = Debug|Any CPU
		{2508D3DE-A612-4F01-9ED5-6DCA40A32B2F}.Debug|ARM.ActiveCfg = Debug|Any CPU
		{2508D3DE-A612-4F01-9ED5-6DCA40A32B2F}.Debug|ARM.Build.0 = Debug|Any CPU
		{2508D3DE-A612-4F01-9ED5-6DCA40A32B2F}.Debug|x64.ActiveCfg = Debug|Any CPU
		{2508D3DE-A612-4F01-9ED5-6DCA40A32B2F}.Debug|x64.Build.0 = Debug|Any CPU
		{2508D3DE-A612-4F01-9ED5-6DCA40A32B2F}.Debug|x86.ActiveCfg = Debug|Any CPU
		{2508D3DE-A612-4F01-9ED5-6DCA40A32B2F}.Debug|x86.Build.0 = Debug|Any CPU
		{2508D3DE-A612-4F01-9ED5-6DCA40A32B2F}.Release|Any CPU.ActiveCfg = Release|Any CPU
		{2508D3DE-A612-4F01-9ED5-6DCA40A32B2F}.Release|Any CPU.Build.0 = Release|Any CPU
		{2508D3DE-A612-4F01-9ED5-6DCA40A32B2F}.Release|ARM.ActiveCfg = Release|Any CPU
		{2508D3DE-A612-4F01-9ED5-6DCA40A32B2F}.Release|ARM.Build.0 = Release|Any CPU
		{2508D3DE-A612-4F01-9ED5-6DCA40A32B2F}.Release|x64.ActiveCfg = Release|Any CPU
		{2508D3DE-A612-4F01-9ED5-6DCA40A32B2F}.Release|x64.Build.0 = Release|Any CPU
		{2508D3DE-A612-4F01-9ED5-6DCA40A32B2F}.Release|x86.ActiveCfg = Release|Any CPU
		{2508D3DE-A612-4F01-9ED5-6DCA40A32B2F}.Release|x86.Build.0 = Release|Any CPU
		{BEE6B956-AFC2-4F5E-96FD-B6F559BDF468}.AppStore|Any CPU.ActiveCfg = Release|Any CPU
		{BEE6B956-AFC2-4F5E-96FD-B6F559BDF468}.AppStore|Any CPU.Build.0 = Release|Any CPU
		{BEE6B956-AFC2-4F5E-96FD-B6F559BDF468}.AppStore|ARM.ActiveCfg = Debug|Any CPU
		{BEE6B956-AFC2-4F5E-96FD-B6F559BDF468}.AppStore|ARM.Build.0 = Debug|Any CPU
		{BEE6B956-AFC2-4F5E-96FD-B6F559BDF468}.AppStore|x64.ActiveCfg = Debug|Any CPU
		{BEE6B956-AFC2-4F5E-96FD-B6F559BDF468}.AppStore|x64.Build.0 = Debug|Any CPU
		{BEE6B956-AFC2-4F5E-96FD-B6F559BDF468}.AppStore|x86.ActiveCfg = Debug|Any CPU
		{BEE6B956-AFC2-4F5E-96FD-B6F559BDF468}.AppStore|x86.Build.0 = Debug|Any CPU
		{BEE6B956-AFC2-4F5E-96FD-B6F559BDF468}.Debug|Any CPU.ActiveCfg = Debug|Any CPU
		{BEE6B956-AFC2-4F5E-96FD-B6F559BDF468}.Debug|Any CPU.Build.0 = Debug|Any CPU
		{BEE6B956-AFC2-4F5E-96FD-B6F559BDF468}.Debug|ARM.ActiveCfg = Debug|Any CPU
		{BEE6B956-AFC2-4F5E-96FD-B6F559BDF468}.Debug|ARM.Build.0 = Debug|Any CPU
		{BEE6B956-AFC2-4F5E-96FD-B6F559BDF468}.Debug|x64.ActiveCfg = Debug|Any CPU
		{BEE6B956-AFC2-4F5E-96FD-B6F559BDF468}.Debug|x64.Build.0 = Debug|Any CPU
		{BEE6B956-AFC2-4F5E-96FD-B6F559BDF468}.Debug|x86.ActiveCfg = Debug|Any CPU
		{BEE6B956-AFC2-4F5E-96FD-B6F559BDF468}.Debug|x86.Build.0 = Debug|Any CPU
		{BEE6B956-AFC2-4F5E-96FD-B6F559BDF468}.Release|Any CPU.ActiveCfg = Release|Any CPU
		{BEE6B956-AFC2-4F5E-96FD-B6F559BDF468}.Release|Any CPU.Build.0 = Release|Any CPU
		{BEE6B956-AFC2-4F5E-96FD-B6F559BDF468}.Release|ARM.ActiveCfg = Release|Any CPU
		{BEE6B956-AFC2-4F5E-96FD-B6F559BDF468}.Release|ARM.Build.0 = Release|Any CPU
		{BEE6B956-AFC2-4F5E-96FD-B6F559BDF468}.Release|x64.ActiveCfg = Release|Any CPU
		{BEE6B956-AFC2-4F5E-96FD-B6F559BDF468}.Release|x64.Build.0 = Release|Any CPU
		{BEE6B956-AFC2-4F5E-96FD-B6F559BDF468}.Release|x86.ActiveCfg = Release|Any CPU
		{BEE6B956-AFC2-4F5E-96FD-B6F559BDF468}.Release|x86.Build.0 = Release|Any CPU
		{B72DF745-CCB2-459E-BFBA-30626BD9BD3D}.AppStore|Any CPU.ActiveCfg = Release|Any CPU
		{B72DF745-CCB2-459E-BFBA-30626BD9BD3D}.AppStore|Any CPU.Build.0 = Release|Any CPU
		{B72DF745-CCB2-459E-BFBA-30626BD9BD3D}.AppStore|ARM.ActiveCfg = Release|Any CPU
		{B72DF745-CCB2-459E-BFBA-30626BD9BD3D}.AppStore|ARM.Build.0 = Release|Any CPU
		{B72DF745-CCB2-459E-BFBA-30626BD9BD3D}.AppStore|x64.ActiveCfg = Release|Any CPU
		{B72DF745-CCB2-459E-BFBA-30626BD9BD3D}.AppStore|x64.Build.0 = Release|Any CPU
		{B72DF745-CCB2-459E-BFBA-30626BD9BD3D}.AppStore|x86.ActiveCfg = Release|Any CPU
		{B72DF745-CCB2-459E-BFBA-30626BD9BD3D}.AppStore|x86.Build.0 = Release|Any CPU
		{B72DF745-CCB2-459E-BFBA-30626BD9BD3D}.Debug|Any CPU.ActiveCfg = Debug|Any CPU
		{B72DF745-CCB2-459E-BFBA-30626BD9BD3D}.Debug|Any CPU.Build.0 = Debug|Any CPU
		{B72DF745-CCB2-459E-BFBA-30626BD9BD3D}.Debug|ARM.ActiveCfg = Debug|Any CPU
		{B72DF745-CCB2-459E-BFBA-30626BD9BD3D}.Debug|ARM.Build.0 = Debug|Any CPU
		{B72DF745-CCB2-459E-BFBA-30626BD9BD3D}.Debug|x64.ActiveCfg = Debug|Any CPU
		{B72DF745-CCB2-459E-BFBA-30626BD9BD3D}.Debug|x64.Build.0 = Debug|Any CPU
		{B72DF745-CCB2-459E-BFBA-30626BD9BD3D}.Debug|x86.ActiveCfg = Debug|Any CPU
		{B72DF745-CCB2-459E-BFBA-30626BD9BD3D}.Debug|x86.Build.0 = Debug|Any CPU
		{B72DF745-CCB2-459E-BFBA-30626BD9BD3D}.Release|Any CPU.ActiveCfg = Release|Any CPU
		{B72DF745-CCB2-459E-BFBA-30626BD9BD3D}.Release|Any CPU.Build.0 = Release|Any CPU
		{B72DF745-CCB2-459E-BFBA-30626BD9BD3D}.Release|ARM.ActiveCfg = Release|Any CPU
		{B72DF745-CCB2-459E-BFBA-30626BD9BD3D}.Release|ARM.Build.0 = Release|Any CPU
		{B72DF745-CCB2-459E-BFBA-30626BD9BD3D}.Release|x64.ActiveCfg = Release|Any CPU
		{B72DF745-CCB2-459E-BFBA-30626BD9BD3D}.Release|x64.Build.0 = Release|Any CPU
		{B72DF745-CCB2-459E-BFBA-30626BD9BD3D}.Release|x86.ActiveCfg = Release|Any CPU
		{B72DF745-CCB2-459E-BFBA-30626BD9BD3D}.Release|x86.Build.0 = Release|Any CPU
		{B499E0F8-0DDE-4EB9-84FD-2EF9C27794D7}.AppStore|Any CPU.ActiveCfg = Release|Any CPU
		{B499E0F8-0DDE-4EB9-84FD-2EF9C27794D7}.AppStore|Any CPU.Build.0 = Release|Any CPU
		{B499E0F8-0DDE-4EB9-84FD-2EF9C27794D7}.AppStore|ARM.ActiveCfg = Release|Any CPU
		{B499E0F8-0DDE-4EB9-84FD-2EF9C27794D7}.AppStore|ARM.Build.0 = Release|Any CPU
		{B499E0F8-0DDE-4EB9-84FD-2EF9C27794D7}.AppStore|x64.ActiveCfg = Release|Any CPU
		{B499E0F8-0DDE-4EB9-84FD-2EF9C27794D7}.AppStore|x64.Build.0 = Release|Any CPU
		{B499E0F8-0DDE-4EB9-84FD-2EF9C27794D7}.AppStore|x86.ActiveCfg = Release|Any CPU
		{B499E0F8-0DDE-4EB9-84FD-2EF9C27794D7}.AppStore|x86.Build.0 = Release|Any CPU
		{B499E0F8-0DDE-4EB9-84FD-2EF9C27794D7}.Debug|Any CPU.ActiveCfg = Debug|Any CPU
		{B499E0F8-0DDE-4EB9-84FD-2EF9C27794D7}.Debug|Any CPU.Build.0 = Debug|Any CPU
		{B499E0F8-0DDE-4EB9-84FD-2EF9C27794D7}.Debug|ARM.ActiveCfg = Debug|Any CPU
		{B499E0F8-0DDE-4EB9-84FD-2EF9C27794D7}.Debug|ARM.Build.0 = Debug|Any CPU
		{B499E0F8-0DDE-4EB9-84FD-2EF9C27794D7}.Debug|x64.ActiveCfg = Debug|Any CPU
		{B499E0F8-0DDE-4EB9-84FD-2EF9C27794D7}.Debug|x64.Build.0 = Debug|Any CPU
		{B499E0F8-0DDE-4EB9-84FD-2EF9C27794D7}.Debug|x86.ActiveCfg = Debug|Any CPU
		{B499E0F8-0DDE-4EB9-84FD-2EF9C27794D7}.Debug|x86.Build.0 = Debug|Any CPU
		{B499E0F8-0DDE-4EB9-84FD-2EF9C27794D7}.Release|Any CPU.ActiveCfg = Release|Any CPU
		{B499E0F8-0DDE-4EB9-84FD-2EF9C27794D7}.Release|Any CPU.Build.0 = Release|Any CPU
		{B499E0F8-0DDE-4EB9-84FD-2EF9C27794D7}.Release|ARM.ActiveCfg = Release|Any CPU
		{B499E0F8-0DDE-4EB9-84FD-2EF9C27794D7}.Release|ARM.Build.0 = Release|Any CPU
		{B499E0F8-0DDE-4EB9-84FD-2EF9C27794D7}.Release|x64.ActiveCfg = Release|Any CPU
		{B499E0F8-0DDE-4EB9-84FD-2EF9C27794D7}.Release|x64.Build.0 = Release|Any CPU
		{B499E0F8-0DDE-4EB9-84FD-2EF9C27794D7}.Release|x86.ActiveCfg = Release|Any CPU
		{B499E0F8-0DDE-4EB9-84FD-2EF9C27794D7}.Release|x86.Build.0 = Release|Any CPU
	EndGlobalSection
	GlobalSection(SolutionProperties) = preSolution
		HideSolutionNode = FALSE
	EndGlobalSection
	GlobalSection(ExtensibilityGlobals) = postSolution
		SolutionGuid = {40C1D220-57BD-40B8-BC67-86D8D58C9996}
	EndGlobalSection
	GlobalSection(SharedMSBuildProjectFiles) = preSolution
		MatrixExtensions.SharedProject\MatrixExtensions.SharedProject.projitems*{2508d3de-a612-4f01-9ed5-6dca40a32b2f}*SharedItemsImports = 4
		MatrixExtensions.SharedProject\MatrixExtensions.SharedProject.projitems*{b499e0f8-0dde-4eb9-84fd-2ef9c27794d7}*SharedItemsImports = 4
		MatrixExtensions.SharedProject\MatrixExtensions.SharedProject.projitems*{b72df745-ccb2-459e-bfba-30626bd9bd3d}*SharedItemsImports = 4
		MatrixExtensions.SharedProject\MatrixExtensions.SharedProject.projitems*{bee6b956-afc2-4f5e-96fd-b6f559bdf468}*SharedItemsImports = 4
		MatrixExtensions.SharedProject\MatrixExtensions.SharedProject.projitems*{e8ce81aa-1af1-4780-8dc1-7e78b7e7a5c1}*SharedItemsImports = 13
	EndGlobalSection
EndGlobal
